
Microsoft Visual Studio Solution File, Format Version 12.00
# Visual Studio Version 17
VisualStudioVersion = 17.5.33530.505
MinimumVisualStudioVersion = 10.0.40219.1
Project("{FAE04EC0-301F-11D3-BF4B-00C04F79EFBC}") = "E-TEST", "E-TEST\E-TEST.csproj", "{0096F4BE-E27D-4704-A70F-BFFF817F5E81}"
EndProject
Global
	GlobalSection(SolutionConfigurationPlatforms) = preSolution
		Debug|Any CPU = Debug|Any CPU
		Release|Any CPU = Release|Any CPU
	EndGlobalSection
	GlobalSection(ProjectConfigurationPlatforms) = postSolution
		{0096F4BE-E27D-4704-A70F-BFFF817F5E81}.Debug|Any CPU.ActiveCfg = Debug|Any CPU
		{0096F4BE-E27D-4704-A70F-BFFF817F5E81}.Debug|Any CPU.Build.0 = Debug|Any CPU
		{0096F4BE-E27D-4704-A70F-BFFF817F5E81}.Release|Any CPU.ActiveCfg = Release|Any CPU
		{0096F4BE-E27D-4704-A70F-BFFF817F5E81}.Release|Any CPU.Build.0 = Release|Any CPU
	EndGlobalSection
	GlobalSection(SolutionProperties) = preSolution
		HideSolutionNode = FALSE
	EndGlobalSection
	GlobalSection(ExtensibilityGlobals) = postSolution
		SolutionGuid = {F9C53361-1924-452A-B172-FAEF6868A20A}
	EndGlobalSection
EndGlobal
